
Microsoft Visual Studio Solution File, Format Version 12.00
# Visual Studio 15
VisualStudioVersion = 15.0.26430.15
MinimumVisualStudioVersion = 10.0.40219.1
Project("{9A19103F-16F7-4668-BE54-9A1E7A4F7556}") = "RabbitHole", "src\RabbitHole.csproj", "{37BDFB0A-A182-4424-9A78-90050E094B70}"
EndProject
Project("{2150E333-8FDC-42A3-9474-1A3956D46DE8}") = "Nuget", "Nuget", "{843BCC6E-252E-4961-83F6-97E2D78B7181}"
	ProjectSection(SolutionItems) = preProject
		README.md = README.md
	EndProjectSection
EndProject
Project("{2150E333-8FDC-42A3-9474-1A3956D46DE8}") = "Samples", "Samples", "{39BD7A02-D708-4F8A-8D32-6F94527470CE}"
EndProject
Project("{FAE04EC0-301F-11D3-BF4B-00C04F79EFBC}") = "RabbitHole.Samples.PubSub", "samples\RabbitHole.Samples.PubSub\RabbitHole.Samples.PubSub.csproj", "{A8D0F702-B5E5-4B4A-8260-2E7F64A9738F}"
EndProject
Project("{9A19103F-16F7-4668-BE54-9A1E7A4F7556}") = "RabbitHole.Samples.PubSub.Concurrence", "samples\RabbitHole.Samples.PubSub.Concurrence\RabbitHole.Samples.PubSub.Concurrence.csproj", "{80575E61-9CE2-458A-AE18-25705442CDF2}"
EndProject
Global
	GlobalSection(SolutionConfigurationPlatforms) = preSolution
		Debug|Any CPU = Debug|Any CPU
		Release|Any CPU = Release|Any CPU
	EndGlobalSection
	GlobalSection(ProjectConfigurationPlatforms) = postSolution
		{37BDFB0A-A182-4424-9A78-90050E094B70}.Debug|Any CPU.ActiveCfg = Debug|Any CPU
		{37BDFB0A-A182-4424-9A78-90050E094B70}.Debug|Any CPU.Build.0 = Debug|Any CPU
		{37BDFB0A-A182-4424-9A78-90050E094B70}.Release|Any CPU.ActiveCfg = Release|Any CPU
		{37BDFB0A-A182-4424-9A78-90050E094B70}.Release|Any CPU.Build.0 = Release|Any CPU
		{A8D0F702-B5E5-4B4A-8260-2E7F64A9738F}.Debug|Any CPU.ActiveCfg = Debug|Any CPU
		{A8D0F702-B5E5-4B4A-8260-2E7F64A9738F}.Debug|Any CPU.Build.0 = Debug|Any CPU
		{A8D0F702-B5E5-4B4A-8260-2E7F64A9738F}.Release|Any CPU.ActiveCfg = Release|Any CPU
		{A8D0F702-B5E5-4B4A-8260-2E7F64A9738F}.Release|Any CPU.Build.0 = Release|Any CPU
		{80575E61-9CE2-458A-AE18-25705442CDF2}.Debug|Any CPU.ActiveCfg = Debug|Any CPU
		{80575E61-9CE2-458A-AE18-25705442CDF2}.Debug|Any CPU.Build.0 = Debug|Any CPU
		{80575E61-9CE2-458A-AE18-25705442CDF2}.Release|Any CPU.ActiveCfg = Release|Any CPU
		{80575E61-9CE2-458A-AE18-25705442CDF2}.Release|Any CPU.Build.0 = Release|Any CPU
	EndGlobalSection
	GlobalSection(SolutionProperties) = preSolution
		HideSolutionNode = FALSE
	EndGlobalSection
	GlobalSection(NestedProjects) = preSolution
		{A8D0F702-B5E5-4B4A-8260-2E7F64A9738F} = {39BD7A02-D708-4F8A-8D32-6F94527470CE}
		{80575E61-9CE2-458A-AE18-25705442CDF2} = {39BD7A02-D708-4F8A-8D32-6F94527470CE}
	EndGlobalSection
EndGlobal
